
Microsoft Visual Studio Solution File, Format Version 12.00
# Visual Studio Version 16
VisualStudioVersion = 16.0.29215.179
MinimumVisualStudioVersion = 10.0.40219.1
Project("{FAE04EC0-301F-11D3-BF4B-00C04F79EFBC}") = "DraggableControl", "DraggableControl\DraggableControl.csproj", "{874ED948-BC76-43A3-B173-71B74DA33264}"
EndProject
Global
	GlobalSection(SolutionConfigurationPlatforms) = preSolution
		Debug|Any CPU = Debug|Any CPU
		Release|Any CPU = Release|Any CPU
	EndGlobalSection
	GlobalSection(ProjectConfigurationPlatforms) = postSolution
		{874ED948-BC76-43A3-B173-71B74DA33264}.Debug|Any CPU.ActiveCfg = Debug|Any CPU
		{874ED948-BC76-43A3-B173-71B74DA33264}.Debug|Any CPU.Build.0 = Debug|Any CPU
		{874ED948-BC76-43A3-B173-71B74DA33264}.Release|Any CPU.ActiveCfg = Release|Any CPU
		{874ED948-BC76-43A3-B173-71B74DA33264}.Release|Any CPU.Build.0 = Release|Any CPU
	EndGlobalSection
	GlobalSection(SolutionProperties) = preSolution
		HideSolutionNode = FALSE
	EndGlobalSection
	GlobalSection(ExtensibilityGlobals) = postSolution
		SolutionGuid = {B74701AE-1C59-4203-AC4C-043C1AFBA4FE}
	EndGlobalSection
EndGlobal
